
Microsoft Visual Studio Solution File, Format Version 12.00
# Visual Studio Version 17
VisualStudioVersion = 17.7.34221.43
MinimumVisualStudioVersion = 10.0.40219.1
Project("{FAE04EC0-301F-11D3-BF4B-00C04F79EFBC}") = "HolaMundo6.2_Ejercicio", "HolaMundo6.2_Ejercicio\HolaMundo6.2_Ejercicio.csproj", "{0C169B48-3BEE-490F-9B2B-9AC81D6CEC5F}"
EndProject
Global
	GlobalSection(SolutionConfigurationPlatforms) = preSolution
		Debug|Any CPU = Debug|Any CPU
		Release|Any CPU = Release|Any CPU
	EndGlobalSection
	GlobalSection(ProjectConfigurationPlatforms) = postSolution
		{0C169B48-3BEE-490F-9B2B-9AC81D6CEC5F}.Debug|Any CPU.ActiveCfg = Debug|Any CPU
		{0C169B48-3BEE-490F-9B2B-9AC81D6CEC5F}.Debug|Any CPU.Build.0 = Debug|Any CPU
		{0C169B48-3BEE-490F-9B2B-9AC81D6CEC5F}.Release|Any CPU.ActiveCfg = Release|Any CPU
		{0C169B48-3BEE-490F-9B2B-9AC81D6CEC5F}.Release|Any CPU.Build.0 = Release|Any CPU
	EndGlobalSection
	GlobalSection(SolutionProperties) = preSolution
		HideSolutionNode = FALSE
	EndGlobalSection
	GlobalSection(ExtensibilityGlobals) = postSolution
		SolutionGuid = {9DE3C6F6-A577-4CD5-BBC8-BD08C8104BA2}
	EndGlobalSection
EndGlobal
